# THIS IS AN AUTOGENERATED FILE. DO NOT EDIT THIS FILE DIRECTLY.
# yarn lockfile v1


"@types/p5@^1.6.1":
  version "1.6.1"
  resolved "https://registry.yarnpkg.com/@types/p5/-/p5-1.6.1.tgz#c9e5d61673eb6cc535c70966b2a06eeefb1958ca"
  integrity sha512-cF03IJc9jYjNfNxAuf0qVpFYhbDy1tGy+ChgZJZxnmCbfcqh9A7e0CItwC1Y5qGX02W/s2M7Nlw/SNY9UdZhgA==

p5@^1.6.0:
  version "1.6.0"
  resolved "https://registry.yarnpkg.com/p5/-/p5-1.6.0.tgz#eaf4e69e377d6a5e91041ca485743b0fc53d9dfb"
  integrity sha512-RowF+RxfVUhJm/YKXL5TCFzTqnwAIwK6W1VGs9LAqSf3PCmLz9Igbxzlf0Ry5IMV71L42wipCdH/bDiNsqAstA==
